
Microsoft Visual Studio Solution File, Format Version 12.00
# Visual Studio Version 17
VisualStudioVersion = 17.3.32825.248
MinimumVisualStudioVersion = 10.0.40219.1
Project("{FAE04EC0-301F-11D3-BF4B-00C04F79EFBC}") = "2011064371_HoNguyenVietHai", "2011064371_HoNguyenVietHai\2011064371_HoNguyenVietHai.csproj", "{F1EC0190-C31A-428A-9D4E-223DE89456C6}"
EndProject
Global
	GlobalSection(SolutionConfigurationPlatforms) = preSolution
		Debug|Any CPU = Debug|Any CPU
		Release|Any CPU = Release|Any CPU
	EndGlobalSection
	GlobalSection(ProjectConfigurationPlatforms) = postSolution
		{F1EC0190-C31A-428A-9D4E-223DE89456C6}.Debug|Any CPU.ActiveCfg = Debug|Any CPU
		{F1EC0190-C31A-428A-9D4E-223DE89456C6}.Debug|Any CPU.Build.0 = Debug|Any CPU
		{F1EC0190-C31A-428A-9D4E-223DE89456C6}.Release|Any CPU.ActiveCfg = Release|Any CPU
		{F1EC0190-C31A-428A-9D4E-223DE89456C6}.Release|Any CPU.Build.0 = Release|Any CPU
	EndGlobalSection
	GlobalSection(SolutionProperties) = preSolution
		HideSolutionNode = FALSE
	EndGlobalSection
	GlobalSection(ExtensibilityGlobals) = postSolution
		SolutionGuid = {C098B00D-7593-4C68-BC41-2D4809AEDF3C}
	EndGlobalSection
EndGlobal
